{
  "name": "@heungtae/codex-chat-bridge",
  "version": "0.1.11",
  "lockfileVersion": 3,
  "requires": true,
  "packages": {
    "": {
      "name": "@heungtae/codex-chat-bridge",
      "version": "0.1.11",
      "hasInstallScript": true,
      "license": "Apache-2.0",
      "dependencies": {
        "@heungtae/codex-chat-bridge": "^0.1.7"
      },
      "bin": {
        "codex-chat-bridge": "bin/codex-chat-bridge.js"
      },
      "engines": {
        "node": ">=20"
      }
    },
    "node_modules/@heungtae/codex-chat-bridge": {
      "version": "0.1.7",
      "resolved": "https://registry.npmjs.org/@heungtae/codex-chat-bridge/-/codex-chat-bridge-0.1.7.tgz",
      "integrity": "sha512-1B4Wg8G6nhH0mHOJAv2dTU8oeAeBcAykGtr/WP9hwq5QPygnFeqVB4ORNbgQlTup2bYaD4uMOEFqEn5E3WORYg==",
      "hasInstallScript": true,
      "license": "Apache-2.0",
      "bin": {
        "codex-chat-bridge": "bin/codex-chat-bridge.js"
      },
      "engines": {
        "node": ">=20"
      }
    }
  }
}
