{
  "name": "@heungtae/codex-chat-bridge",
  "version": "0.3.9",
  "lockfileVersion": 3,
  "requires": true,
  "packages": {
    "": {
      "name": "@heungtae/codex-chat-bridge",
      "version": "0.3.9",
      "hasInstallScript": true,
      "license": "Apache-2.0",
      "bin": {
        "codex-chat-bridge": "bin/codex-chat-bridge.js"
      },
      "engines": {
        "node": ">=20"
      }
    }
  }
}
